# This file was autogenerated by Stack.
# You should not edit this file by hand.
# For more information, please see the documentation at:
#   https://docs.haskellstack.org/en/stable/lock_files

packages:
- completed:
    commit: a3adca030e318c5bf5b26077f1587712b947db9f
    git: https://github.com/stepa1000/adjunction-combinators.git
    name: adjunction-combinators
    pantry-tree:
      sha256: 4dce8628bf950b1c13699f450adb6a7265cdb1455922185e999f30856b70856a
      size: 3610
    version: 0.1.0.0
  original:
    commit: a3adca030e318c5bf5b26077f1587712b947db9f
    git: https://github.com/stepa1000/adjunction-combinators.git
- completed:
    commit: bb1589221de5f2506a167b7fdf9d667cee6a5d7f
    git: https://github.com/stepa1000/coandkleisli.git
    name: coandkleisli
    pantry-tree:
      sha256: ca49bea470ce11a24d71f372c7e57626cdac10d96cb2806c52737d4fdb281b56
      size: 580
    version: 0.1.0.0
  original:
    commit: bb1589221de5f2506a167b7fdf9d667cee6a5d7f
    git: https://github.com/stepa1000/coandkleisli.git
- completed:
    commit: d47c29187e5f0c616b992f296e83d0f3253832d3
    git: https://github.com/stepa1000/free-profunctor.git
    name: free-profunctor
    pantry-tree:
      sha256: 4518bd2b8f419159b2584360ddbb117da71451cef7c20ea141372c7bd14b36fe
      size: 730
    version: 0.1.0.0
  original:
    commit: d47c29187e5f0c616b992f296e83d0f3253832d3
    git: https://github.com/stepa1000/free-profunctor.git
- completed:
    commit: a61830a7da61cf95acabcf43a1f019bbdfccc984
    git: https://github.com/stepa1000/bpann-my.git
    name: bpann-my
    pantry-tree:
      sha256: 6875c81b9d2d16c8f3fbd769a21d645adc947a756f99a3fe9582ae07ec540c47
      size: 780
    version: 0.1.0.0
  original:
    commit: a61830a7da61cf95acabcf43a1f019bbdfccc984
    git: https://github.com/stepa1000/bpann-my.git
- completed:
    commit: 6ae87703d11ab4aac8ff47d6acf347fe3cc055da
    git: https://github.com/stepa1000/fgl.git
    name: fgl
    pantry-tree:
      sha256: 45c3bfe0345e9361de1012cf0cc2faf1902fd5c4c4ed809e100f1b7ebf3e5996
      size: 3359
    version: 5.8.2.0
  original:
    commit: 6ae87703d11ab4aac8ff47d6acf347fe3cc055da
    git: https://github.com/stepa1000/fgl.git
- completed:
    hackage: zlib-clib-1.3.1@sha256:df08fd02b04d81e3dd8ca914acb4a6421ff9b35ebaecf109dd842cef7ab23d0c,1712
    pantry-tree:
      sha256: c44db9843361909e63423ea172153553749d145b80d0b86dec3befcce72b515a
      size: 1434
  original:
    hackage: zlib-clib-1.3.1
- completed:
    hackage: fgl-visualize-0.1.0.1@sha256:e682066053a6e75478a08fd6822dd0143a3b8ea23244bdb01dd389a266447c5e,995
    pantry-tree:
      sha256: 969d6b60ea298ffb81697dd350e76774a2f876103a147117f832400451ad2cc3
      size: 224
  original:
    hackage: fgl-visualize-0.1.0.1@sha256:e682066053a6e75478a08fd6822dd0143a3b8ea23244bdb01dd389a266447c5e,995
snapshots:
- completed:
    sha256: 496a3c34464c7dc85d9bd413fe45aea6e86c376d1c368799164b85ed16f0ea2e
    size: 631264
    url: https://raw.githubusercontent.com/commercialhaskell/stackage-snapshots/master/nightly/2024/5/1.yaml
  original: nightly-2024-05-01
