# This file was autogenerated by Stack.
# You should not edit this file by hand.
# For more information, please see the documentation at:
#   https://docs.haskellstack.org/en/stable/lock_files

packages:
- completed:
    commit: 7a923770990d2772d3570e535d5a6bd7bd60e323
    git: https://github.com/stepa1000/adjunction-combinators.git
    name: adjunction-combinators
    pantry-tree:
      sha256: 06c2f97c138b79dc2c799bbc73fda8763ae2270f8e6c15b6900e8edd95edc8cc
      size: 3679
    version: 0.1.0.0
  original:
    commit: 7a923770990d2772d3570e535d5a6bd7bd60e323
    git: https://github.com/stepa1000/adjunction-combinators.git
- completed:
    commit: bb1589221de5f2506a167b7fdf9d667cee6a5d7f
    git: https://github.com/stepa1000/coandkleisli.git
    name: coandkleisli
    pantry-tree:
      sha256: ca49bea470ce11a24d71f372c7e57626cdac10d96cb2806c52737d4fdb281b56
      size: 580
    version: 0.1.0.0
  original:
    commit: bb1589221de5f2506a167b7fdf9d667cee6a5d7f
    git: https://github.com/stepa1000/coandkleisli.git
- completed:
    commit: d47c29187e5f0c616b992f296e83d0f3253832d3
    git: https://github.com/stepa1000/free-profunctor.git
    name: free-profunctor
    pantry-tree:
      sha256: 4518bd2b8f419159b2584360ddbb117da71451cef7c20ea141372c7bd14b36fe
      size: 730
    version: 0.1.0.0
  original:
    commit: d47c29187e5f0c616b992f296e83d0f3253832d3
    git: https://github.com/stepa1000/free-profunctor.git
- completed:
    hackage: bpann-0.1.1@sha256:f3245a48d2a67f7e6551559ecc216f841db4887311392e60f53c07a0eeab3365,738
    pantry-tree:
      sha256: 2b0f6446394f669f6ab30725358f2ea7f28f919955005bdde74bd46adca68f75
      size: 204
  original:
    hackage: bpann-0.1.1
- completed:
    hackage: fgl-visualize-0.1.0.1@sha256:e682066053a6e75478a08fd6822dd0143a3b8ea23244bdb01dd389a266447c5e,995
    pantry-tree:
      sha256: 969d6b60ea298ffb81697dd350e76774a2f876103a147117f832400451ad2cc3
      size: 224
  original:
    hackage: fgl-visualize-0.1.0.1@sha256:e682066053a6e75478a08fd6822dd0143a3b8ea23244bdb01dd389a266447c5e,995
snapshots:
- completed:
    sha256: 5b002d57c51092aa58a8696ccf0993e74fa6ed2efd48e2bbca349e9c2f67c5ef
    size: 713334
    url: https://raw.githubusercontent.com/commercialhaskell/stackage-snapshots/master/lts/22/15.yaml
  original:
    url: https://raw.githubusercontent.com/commercialhaskell/stackage-snapshots/master/lts/22/15.yaml
